
Microsoft Visual Studio Solution File, Format Version 12.00
# Visual Studio 15
VisualStudioVersion = 15.0.26124.0
MinimumVisualStudioVersion = 15.0.26124.0
Project("{2150E333-8FDC-42A3-9474-1A3956D46DE8}") = "src", "src", "{C8354A81-7B2E-4962-966D-A73E65BA89EB}"
EndProject
Project("{FAE04EC0-301F-11D3-BF4B-00C04F79EFBC}") = "WinService", "src\WinService\WinService.csproj", "{C2DD870D-33D3-4A25-90E8-B09E778CFC1A}"
EndProject
Project("{FAE04EC0-301F-11D3-BF4B-00C04F79EFBC}") = "WebSite", "src\WebSite\WebSite.csproj", "{F4DFF925-7E46-4056-A5AF-9900750E1604}"
EndProject
Project("{FAE04EC0-301F-11D3-BF4B-00C04F79EFBC}") = "MvcApp", "src\MvcApp\MvcApp.csproj", "{8AFC52D0-3624-4A21-9985-24E8EC23AA7E}"
EndProject
Global
	GlobalSection(SolutionConfigurationPlatforms) = preSolution
		Debug|Any CPU = Debug|Any CPU
		Debug|x64 = Debug|x64
		Debug|x86 = Debug|x86
		Release|Any CPU = Release|Any CPU
		Release|x64 = Release|x64
		Release|x86 = Release|x86
	EndGlobalSection
	GlobalSection(SolutionProperties) = preSolution
		HideSolutionNode = FALSE
	EndGlobalSection
	GlobalSection(ProjectConfigurationPlatforms) = postSolution
		{C2DD870D-33D3-4A25-90E8-B09E778CFC1A}.Debug|Any CPU.ActiveCfg = Debug|Any CPU
		{C2DD870D-33D3-4A25-90E8-B09E778CFC1A}.Debug|Any CPU.Build.0 = Debug|Any CPU
		{C2DD870D-33D3-4A25-90E8-B09E778CFC1A}.Debug|x64.ActiveCfg = Debug|x64
		{C2DD870D-33D3-4A25-90E8-B09E778CFC1A}.Debug|x64.Build.0 = Debug|x64
		{C2DD870D-33D3-4A25-90E8-B09E778CFC1A}.Debug|x86.ActiveCfg = Debug|x86
		{C2DD870D-33D3-4A25-90E8-B09E778CFC1A}.Debug|x86.Build.0 = Debug|x86
		{C2DD870D-33D3-4A25-90E8-B09E778CFC1A}.Release|Any CPU.ActiveCfg = Release|Any CPU
		{C2DD870D-33D3-4A25-90E8-B09E778CFC1A}.Release|Any CPU.Build.0 = Release|Any CPU
		{C2DD870D-33D3-4A25-90E8-B09E778CFC1A}.Release|x64.ActiveCfg = Release|x64
		{C2DD870D-33D3-4A25-90E8-B09E778CFC1A}.Release|x64.Build.0 = Release|x64
		{C2DD870D-33D3-4A25-90E8-B09E778CFC1A}.Release|x86.ActiveCfg = Release|x86
		{C2DD870D-33D3-4A25-90E8-B09E778CFC1A}.Release|x86.Build.0 = Release|x86
		{F4DFF925-7E46-4056-A5AF-9900750E1604}.Debug|Any CPU.ActiveCfg = Debug|Any CPU
		{F4DFF925-7E46-4056-A5AF-9900750E1604}.Debug|Any CPU.Build.0 = Debug|Any CPU
		{F4DFF925-7E46-4056-A5AF-9900750E1604}.Debug|x64.ActiveCfg = Debug|x64
		{F4DFF925-7E46-4056-A5AF-9900750E1604}.Debug|x64.Build.0 = Debug|x64
		{F4DFF925-7E46-4056-A5AF-9900750E1604}.Debug|x86.ActiveCfg = Debug|x86
		{F4DFF925-7E46-4056-A5AF-9900750E1604}.Debug|x86.Build.0 = Debug|x86
		{F4DFF925-7E46-4056-A5AF-9900750E1604}.Release|Any CPU.ActiveCfg = Release|Any CPU
		{F4DFF925-7E46-4056-A5AF-9900750E1604}.Release|Any CPU.Build.0 = Release|Any CPU
		{F4DFF925-7E46-4056-A5AF-9900750E1604}.Release|x64.ActiveCfg = Release|x64
		{F4DFF925-7E46-4056-A5AF-9900750E1604}.Release|x64.Build.0 = Release|x64
		{F4DFF925-7E46-4056-A5AF-9900750E1604}.Release|x86.ActiveCfg = Release|x86
		{F4DFF925-7E46-4056-A5AF-9900750E1604}.Release|x86.Build.0 = Release|x86
		{8AFC52D0-3624-4A21-9985-24E8EC23AA7E}.Debug|Any CPU.ActiveCfg = Debug|Any CPU
		{8AFC52D0-3624-4A21-9985-24E8EC23AA7E}.Debug|Any CPU.Build.0 = Debug|Any CPU
		{8AFC52D0-3624-4A21-9985-24E8EC23AA7E}.Debug|x64.ActiveCfg = Debug|x64
		{8AFC52D0-3624-4A21-9985-24E8EC23AA7E}.Debug|x64.Build.0 = Debug|x64
		{8AFC52D0-3624-4A21-9985-24E8EC23AA7E}.Debug|x86.ActiveCfg = Debug|x86
		{8AFC52D0-3624-4A21-9985-24E8EC23AA7E}.Debug|x86.Build.0 = Debug|x86
		{8AFC52D0-3624-4A21-9985-24E8EC23AA7E}.Release|Any CPU.ActiveCfg = Release|Any CPU
		{8AFC52D0-3624-4A21-9985-24E8EC23AA7E}.Release|Any CPU.Build.0 = Release|Any CPU
		{8AFC52D0-3624-4A21-9985-24E8EC23AA7E}.Release|x64.ActiveCfg = Release|x64
		{8AFC52D0-3624-4A21-9985-24E8EC23AA7E}.Release|x64.Build.0 = Release|x64
		{8AFC52D0-3624-4A21-9985-24E8EC23AA7E}.Release|x86.ActiveCfg = Release|x86
		{8AFC52D0-3624-4A21-9985-24E8EC23AA7E}.Release|x86.Build.0 = Release|x86
	EndGlobalSection
	GlobalSection(NestedProjects) = preSolution
		{C2DD870D-33D3-4A25-90E8-B09E778CFC1A} = {C8354A81-7B2E-4962-966D-A73E65BA89EB}
		{F4DFF925-7E46-4056-A5AF-9900750E1604} = {C8354A81-7B2E-4962-966D-A73E65BA89EB}
		{8AFC52D0-3624-4A21-9985-24E8EC23AA7E} = {C8354A81-7B2E-4962-966D-A73E65BA89EB}
	EndGlobalSection
EndGlobal
